
Microsoft Visual Studio Solution File, Format Version 12.00
# Visual Studio Version 16
VisualStudioVersion = 16.0.31105.61
MinimumVisualStudioVersion = 10.0.40219.1
Project("{9A19103F-16F7-4668-BE54-9A1E7A4F7556}") = "Workday.RestAPI", "Workday.RestAPI\Workday.RestAPI.csproj", "{7E8D0A3C-EB51-4F3D-92FC-CC068F573B0E}"
EndProject
Project("{9A19103F-16F7-4668-BE54-9A1E7A4F7556}") = "Azure.APIs", "AzureAPI\Azure.APIs.csproj", "{E667C144-FFF3-4D79-BBF8-087B9F83F501}"
EndProject
Project("{9A19103F-16F7-4668-BE54-9A1E7A4F7556}") = "CommonTools", "CommonTools\CommonTools.csproj", "{0BCF87FB-B6F7-4A6E-B9C8-8735184436F4}"
EndProject
Project("{9A19103F-16F7-4668-BE54-9A1E7A4F7556}") = "SFTPTools", "SFTPTools\SFTPTools.csproj", "{4EE9041A-3AEB-47AF-8ED9-1350CCA2BD85}"
EndProject
Project("{2150E333-8FDC-42A3-9474-1A3956D46DE8}") = "APIs", "APIs", "{FBA4F899-B846-4E15-B451-BAA17CFCEAED}"
EndProject
Project("{9A19103F-16F7-4668-BE54-9A1E7A4F7556}") = "EncompassAPI", "EncompassAPI\EncompassAPI.csproj", "{3567C75B-6727-497F-9C91-26DE21BB0D49}"
EndProject
Project("{9A19103F-16F7-4668-BE54-9A1E7A4F7556}") = "ExcelTools", "ExcelTools\ExcelTools.csproj", "{CCDE56D5-BEDF-47FC-826A-D37AD3517A0D}"
EndProject
Project("{9A19103F-16F7-4668-BE54-9A1E7A4F7556}") = "VelocifyAPI", "VelocifyAPI\VelocifyAPI.csproj", "{154368F6-4CB0-4C68-A568-755076A5922C}"
EndProject
Project("{2150E333-8FDC-42A3-9474-1A3956D46DE8}") = "__Testing", "__Testing", "{802C5E23-1E45-4282-B9FE-C23E5F50E84A}"
EndProject
Project("{2150E333-8FDC-42A3-9474-1A3956D46DE8}") = "__Resources", "__Resources", "{26528D1C-9995-4A3C-9643-B26A82C16CC4}"
	ProjectSection(SolutionItems) = preProject
		Resources\CreateCertForAzureAppService.ps1 = Resources\CreateCertForAzureAppService.ps1
		Resources\generatepfx.bat = Resources\generatepfx.bat
		Resources\HowToGenNewSSHKeys.txt = Resources\HowToGenNewSSHKeys.txt
		Resources\publish.bat = Resources\publish.bat
		Resources\ServiceInstallation.txt = Resources\ServiceInstallation.txt
		Resources\SignCode.bat = Resources\SignCode.bat
	EndProjectSection
EndProject
Project("{9A19103F-16F7-4668-BE54-9A1E7A4F7556}") = "TotalExpertAPI", "TotalExpertAPI\TotalExpertAPI.csproj", "{E32AD94C-0DBE-43C3-9BF2-30F6E0C6C2AB}"
EndProject
Project("{9A19103F-16F7-4668-BE54-9A1E7A4F7556}") = "CoreTests", "CoreTests\CoreTests.csproj", "{CC1E3DB6-E26A-4453-B048-E92581933EAD}"
EndProject
Project("{9A19103F-16F7-4668-BE54-9A1E7A4F7556}") = "EFTools", "EFTools\EFTools.csproj", "{DFB755BD-0C33-4CD3-9E62-2334B00B9809}"
EndProject
Project("{9A19103F-16F7-4668-BE54-9A1E7A4F7556}") = "SecurityTools", "SecurityTools\SecurityTools.csproj", "{062C5681-66D9-4710-81DC-06CDFD6B268D}"
EndProject
Project("{9A19103F-16F7-4668-BE54-9A1E7A4F7556}") = "Workday.Soap", "Workday.Soap\Workday.Soap.csproj", "{F62575B6-910A-4AE1-9E7E-5DB9B3836F2E}"
EndProject
Project("{9A19103F-16F7-4668-BE54-9A1E7A4F7556}") = "TwilioApi", "TwilioApi\TwilioApi.csproj", "{151C1141-D039-4201-B54D-C75DC0F6D295}"
EndProject
Project("{9A19103F-16F7-4668-BE54-9A1E7A4F7556}") = "GoogleAPI", "GoogleAPI\GoogleAPI.csproj", "{5EC11DDF-0496-4A50-97A8-3D0DAFC351C0}"
EndProject
Project("{9A19103F-16F7-4668-BE54-9A1E7A4F7556}") = "CreditAPI", "CreditAPI\CreditAPI.csproj", "{5473367F-2278-4AC6-8348-0E3C94C2E51E}"
EndProject
Project("{9A19103F-16F7-4668-BE54-9A1E7A4F7556}") = "ActiveDirectoryTools", "ActiveDirectoryTools\ActiveDirectoryTools.csproj", "{2EB7916E-0B44-4AEF-9956-ADDD94A2EFB3}"
EndProject
Project("{9A19103F-16F7-4668-BE54-9A1E7A4F7556}") = "GoHighLevelAPI", "GoHighLevelAPI\GoHighLevelAPI.csproj", "{1E139CE7-0D62-4FE6-9A80-0C9ABE2DEC81}"
EndProject
Project("{9A19103F-16F7-4668-BE54-9A1E7A4F7556}") = "OnBaseTools", "OnBaseTools\OnBaseTools.csproj", "{406E8473-FC96-4D2E-873B-8A7CF20F7D11}"
EndProject
Project("{9A19103F-16F7-4668-BE54-9A1E7A4F7556}") = "EncompassSDKTools", "EncompassSDKTools\EncompassSDKTools.csproj", "{49495745-E0B7-4CAB-AC6B-5B266F8CD896}"
EndProject
Project("{9A19103F-16F7-4668-BE54-9A1E7A4F7556}") = "RingCentralAPI", "RingCentralAPI\RingCentralAPI.csproj", "{3345E6C9-97FD-451D-81ED-10EF2CE08DEC}"
EndProject
Project("{9A19103F-16F7-4668-BE54-9A1E7A4F7556}") = "xUnitxTests", "xUnitxTests\xUnitxTests.csproj", "{CD8833A5-A6F8-4443-B9D9-4B517D26A0A5}"
EndProject
Global
	GlobalSection(SolutionConfigurationPlatforms) = preSolution
		Debug|Any CPU = Debug|Any CPU
		Release|Any CPU = Release|Any CPU
	EndGlobalSection
	GlobalSection(ProjectConfigurationPlatforms) = postSolution
		{7E8D0A3C-EB51-4F3D-92FC-CC068F573B0E}.Debug|Any CPU.ActiveCfg = Debug|Any CPU
		{7E8D0A3C-EB51-4F3D-92FC-CC068F573B0E}.Debug|Any CPU.Build.0 = Debug|Any CPU
		{7E8D0A3C-EB51-4F3D-92FC-CC068F573B0E}.Release|Any CPU.ActiveCfg = Release|Any CPU
		{7E8D0A3C-EB51-4F3D-92FC-CC068F573B0E}.Release|Any CPU.Build.0 = Release|Any CPU
		{E667C144-FFF3-4D79-BBF8-087B9F83F501}.Debug|Any CPU.ActiveCfg = Debug|Any CPU
		{E667C144-FFF3-4D79-BBF8-087B9F83F501}.Debug|Any CPU.Build.0 = Debug|Any CPU
		{E667C144-FFF3-4D79-BBF8-087B9F83F501}.Release|Any CPU.ActiveCfg = Release|Any CPU
		{E667C144-FFF3-4D79-BBF8-087B9F83F501}.Release|Any CPU.Build.0 = Release|Any CPU
		{0BCF87FB-B6F7-4A6E-B9C8-8735184436F4}.Debug|Any CPU.ActiveCfg = Debug|Any CPU
		{0BCF87FB-B6F7-4A6E-B9C8-8735184436F4}.Debug|Any CPU.Build.0 = Debug|Any CPU
		{0BCF87FB-B6F7-4A6E-B9C8-8735184436F4}.Release|Any CPU.ActiveCfg = Release|Any CPU
		{0BCF87FB-B6F7-4A6E-B9C8-8735184436F4}.Release|Any CPU.Build.0 = Release|Any CPU
		{4EE9041A-3AEB-47AF-8ED9-1350CCA2BD85}.Debug|Any CPU.ActiveCfg = Debug|Any CPU
		{4EE9041A-3AEB-47AF-8ED9-1350CCA2BD85}.Debug|Any CPU.Build.0 = Debug|Any CPU
		{4EE9041A-3AEB-47AF-8ED9-1350CCA2BD85}.Release|Any CPU.ActiveCfg = Release|Any CPU
		{4EE9041A-3AEB-47AF-8ED9-1350CCA2BD85}.Release|Any CPU.Build.0 = Release|Any CPU
		{3567C75B-6727-497F-9C91-26DE21BB0D49}.Debug|Any CPU.ActiveCfg = Debug|Any CPU
		{3567C75B-6727-497F-9C91-26DE21BB0D49}.Debug|Any CPU.Build.0 = Debug|Any CPU
		{3567C75B-6727-497F-9C91-26DE21BB0D49}.Release|Any CPU.ActiveCfg = Release|Any CPU
		{3567C75B-6727-497F-9C91-26DE21BB0D49}.Release|Any CPU.Build.0 = Release|Any CPU
		{CCDE56D5-BEDF-47FC-826A-D37AD3517A0D}.Debug|Any CPU.ActiveCfg = Debug|Any CPU
		{CCDE56D5-BEDF-47FC-826A-D37AD3517A0D}.Debug|Any CPU.Build.0 = Debug|Any CPU
		{CCDE56D5-BEDF-47FC-826A-D37AD3517A0D}.Release|Any CPU.ActiveCfg = Release|Any CPU
		{CCDE56D5-BEDF-47FC-826A-D37AD3517A0D}.Release|Any CPU.Build.0 = Release|Any CPU
		{154368F6-4CB0-4C68-A568-755076A5922C}.Debug|Any CPU.ActiveCfg = Debug|Any CPU
		{154368F6-4CB0-4C68-A568-755076A5922C}.Debug|Any CPU.Build.0 = Debug|Any CPU
		{154368F6-4CB0-4C68-A568-755076A5922C}.Release|Any CPU.ActiveCfg = Release|Any CPU
		{154368F6-4CB0-4C68-A568-755076A5922C}.Release|Any CPU.Build.0 = Release|Any CPU
		{E32AD94C-0DBE-43C3-9BF2-30F6E0C6C2AB}.Debug|Any CPU.ActiveCfg = Debug|Any CPU
		{E32AD94C-0DBE-43C3-9BF2-30F6E0C6C2AB}.Debug|Any CPU.Build.0 = Debug|Any CPU
		{E32AD94C-0DBE-43C3-9BF2-30F6E0C6C2AB}.Release|Any CPU.ActiveCfg = Release|Any CPU
		{E32AD94C-0DBE-43C3-9BF2-30F6E0C6C2AB}.Release|Any CPU.Build.0 = Release|Any CPU
		{CC1E3DB6-E26A-4453-B048-E92581933EAD}.Debug|Any CPU.ActiveCfg = Debug|Any CPU
		{CC1E3DB6-E26A-4453-B048-E92581933EAD}.Debug|Any CPU.Build.0 = Debug|Any CPU
		{CC1E3DB6-E26A-4453-B048-E92581933EAD}.Release|Any CPU.ActiveCfg = Release|Any CPU
		{CC1E3DB6-E26A-4453-B048-E92581933EAD}.Release|Any CPU.Build.0 = Release|Any CPU
		{DFB755BD-0C33-4CD3-9E62-2334B00B9809}.Debug|Any CPU.ActiveCfg = Debug|Any CPU
		{DFB755BD-0C33-4CD3-9E62-2334B00B9809}.Debug|Any CPU.Build.0 = Debug|Any CPU
		{DFB755BD-0C33-4CD3-9E62-2334B00B9809}.Release|Any CPU.ActiveCfg = Release|Any CPU
		{DFB755BD-0C33-4CD3-9E62-2334B00B9809}.Release|Any CPU.Build.0 = Release|Any CPU
		{062C5681-66D9-4710-81DC-06CDFD6B268D}.Debug|Any CPU.ActiveCfg = Debug|Any CPU
		{062C5681-66D9-4710-81DC-06CDFD6B268D}.Debug|Any CPU.Build.0 = Debug|Any CPU
		{062C5681-66D9-4710-81DC-06CDFD6B268D}.Release|Any CPU.ActiveCfg = Release|Any CPU
		{062C5681-66D9-4710-81DC-06CDFD6B268D}.Release|Any CPU.Build.0 = Release|Any CPU
		{F62575B6-910A-4AE1-9E7E-5DB9B3836F2E}.Debug|Any CPU.ActiveCfg = Debug|Any CPU
		{F62575B6-910A-4AE1-9E7E-5DB9B3836F2E}.Debug|Any CPU.Build.0 = Debug|Any CPU
		{F62575B6-910A-4AE1-9E7E-5DB9B3836F2E}.Release|Any CPU.ActiveCfg = Release|Any CPU
		{F62575B6-910A-4AE1-9E7E-5DB9B3836F2E}.Release|Any CPU.Build.0 = Release|Any CPU
		{151C1141-D039-4201-B54D-C75DC0F6D295}.Debug|Any CPU.ActiveCfg = Debug|Any CPU
		{151C1141-D039-4201-B54D-C75DC0F6D295}.Debug|Any CPU.Build.0 = Debug|Any CPU
		{151C1141-D039-4201-B54D-C75DC0F6D295}.Release|Any CPU.ActiveCfg = Release|Any CPU
		{151C1141-D039-4201-B54D-C75DC0F6D295}.Release|Any CPU.Build.0 = Release|Any CPU
		{5EC11DDF-0496-4A50-97A8-3D0DAFC351C0}.Debug|Any CPU.ActiveCfg = Debug|Any CPU
		{5EC11DDF-0496-4A50-97A8-3D0DAFC351C0}.Debug|Any CPU.Build.0 = Debug|Any CPU
		{5EC11DDF-0496-4A50-97A8-3D0DAFC351C0}.Release|Any CPU.ActiveCfg = Release|Any CPU
		{5EC11DDF-0496-4A50-97A8-3D0DAFC351C0}.Release|Any CPU.Build.0 = Release|Any CPU
		{5473367F-2278-4AC6-8348-0E3C94C2E51E}.Debug|Any CPU.ActiveCfg = Debug|Any CPU
		{5473367F-2278-4AC6-8348-0E3C94C2E51E}.Debug|Any CPU.Build.0 = Debug|Any CPU
		{5473367F-2278-4AC6-8348-0E3C94C2E51E}.Release|Any CPU.ActiveCfg = Release|Any CPU
		{5473367F-2278-4AC6-8348-0E3C94C2E51E}.Release|Any CPU.Build.0 = Release|Any CPU
		{2EB7916E-0B44-4AEF-9956-ADDD94A2EFB3}.Debug|Any CPU.ActiveCfg = Debug|Any CPU
		{2EB7916E-0B44-4AEF-9956-ADDD94A2EFB3}.Debug|Any CPU.Build.0 = Debug|Any CPU
		{2EB7916E-0B44-4AEF-9956-ADDD94A2EFB3}.Release|Any CPU.ActiveCfg = Release|Any CPU
		{2EB7916E-0B44-4AEF-9956-ADDD94A2EFB3}.Release|Any CPU.Build.0 = Release|Any CPU
		{1E139CE7-0D62-4FE6-9A80-0C9ABE2DEC81}.Debug|Any CPU.ActiveCfg = Debug|Any CPU
		{1E139CE7-0D62-4FE6-9A80-0C9ABE2DEC81}.Debug|Any CPU.Build.0 = Debug|Any CPU
		{1E139CE7-0D62-4FE6-9A80-0C9ABE2DEC81}.Release|Any CPU.ActiveCfg = Release|Any CPU
		{1E139CE7-0D62-4FE6-9A80-0C9ABE2DEC81}.Release|Any CPU.Build.0 = Release|Any CPU
		{406E8473-FC96-4D2E-873B-8A7CF20F7D11}.Debug|Any CPU.ActiveCfg = Debug|Any CPU
		{406E8473-FC96-4D2E-873B-8A7CF20F7D11}.Debug|Any CPU.Build.0 = Debug|Any CPU
		{406E8473-FC96-4D2E-873B-8A7CF20F7D11}.Release|Any CPU.ActiveCfg = Release|Any CPU
		{406E8473-FC96-4D2E-873B-8A7CF20F7D11}.Release|Any CPU.Build.0 = Release|Any CPU
		{49495745-E0B7-4CAB-AC6B-5B266F8CD896}.Debug|Any CPU.ActiveCfg = Debug|Any CPU
		{49495745-E0B7-4CAB-AC6B-5B266F8CD896}.Debug|Any CPU.Build.0 = Debug|Any CPU
		{49495745-E0B7-4CAB-AC6B-5B266F8CD896}.Release|Any CPU.ActiveCfg = Release|Any CPU
		{49495745-E0B7-4CAB-AC6B-5B266F8CD896}.Release|Any CPU.Build.0 = Release|Any CPU
		{3345E6C9-97FD-451D-81ED-10EF2CE08DEC}.Debug|Any CPU.ActiveCfg = Debug|Any CPU
		{3345E6C9-97FD-451D-81ED-10EF2CE08DEC}.Debug|Any CPU.Build.0 = Debug|Any CPU
		{3345E6C9-97FD-451D-81ED-10EF2CE08DEC}.Release|Any CPU.ActiveCfg = Release|Any CPU
		{3345E6C9-97FD-451D-81ED-10EF2CE08DEC}.Release|Any CPU.Build.0 = Release|Any CPU
		{CD8833A5-A6F8-4443-B9D9-4B517D26A0A5}.Debug|Any CPU.ActiveCfg = Debug|Any CPU
		{CD8833A5-A6F8-4443-B9D9-4B517D26A0A5}.Debug|Any CPU.Build.0 = Debug|Any CPU
		{CD8833A5-A6F8-4443-B9D9-4B517D26A0A5}.Release|Any CPU.ActiveCfg = Release|Any CPU
		{CD8833A5-A6F8-4443-B9D9-4B517D26A0A5}.Release|Any CPU.Build.0 = Release|Any CPU
	EndGlobalSection
	GlobalSection(SolutionProperties) = preSolution
		HideSolutionNode = FALSE
	EndGlobalSection
	GlobalSection(NestedProjects) = preSolution
		{7E8D0A3C-EB51-4F3D-92FC-CC068F573B0E} = {FBA4F899-B846-4E15-B451-BAA17CFCEAED}
		{E667C144-FFF3-4D79-BBF8-087B9F83F501} = {FBA4F899-B846-4E15-B451-BAA17CFCEAED}
		{3567C75B-6727-497F-9C91-26DE21BB0D49} = {FBA4F899-B846-4E15-B451-BAA17CFCEAED}
		{154368F6-4CB0-4C68-A568-755076A5922C} = {FBA4F899-B846-4E15-B451-BAA17CFCEAED}
		{E32AD94C-0DBE-43C3-9BF2-30F6E0C6C2AB} = {FBA4F899-B846-4E15-B451-BAA17CFCEAED}
		{CC1E3DB6-E26A-4453-B048-E92581933EAD} = {802C5E23-1E45-4282-B9FE-C23E5F50E84A}
		{F62575B6-910A-4AE1-9E7E-5DB9B3836F2E} = {FBA4F899-B846-4E15-B451-BAA17CFCEAED}
		{151C1141-D039-4201-B54D-C75DC0F6D295} = {FBA4F899-B846-4E15-B451-BAA17CFCEAED}
		{5EC11DDF-0496-4A50-97A8-3D0DAFC351C0} = {FBA4F899-B846-4E15-B451-BAA17CFCEAED}
		{5473367F-2278-4AC6-8348-0E3C94C2E51E} = {FBA4F899-B846-4E15-B451-BAA17CFCEAED}
		{1E139CE7-0D62-4FE6-9A80-0C9ABE2DEC81} = {FBA4F899-B846-4E15-B451-BAA17CFCEAED}
		{3345E6C9-97FD-451D-81ED-10EF2CE08DEC} = {FBA4F899-B846-4E15-B451-BAA17CFCEAED}
		{CD8833A5-A6F8-4443-B9D9-4B517D26A0A5} = {802C5E23-1E45-4282-B9FE-C23E5F50E84A}
	EndGlobalSection
	GlobalSection(ExtensibilityGlobals) = postSolution
		SolutionGuid = {1C66B1AF-7D25-46B0-84C8-76AF919DCEEE}
	EndGlobalSection
EndGlobal
